# Generated by pub
# See https://dart.dev/tools/pub/glossary#lockfile
packages:
  admob_flutter:
    dependency: "direct main"
    description:
      name: admob_flutter
      sha256: "593cf80078445d0794b03f0dbf55e45be5b41b2f0a6df06a41cc0cb5a580ce46"
      url: "https://pub.dev"
    source: hosted
    version: "3.0.0"
  animated_search_bar:
    dependency: "direct main"
    description:
      name: animated_search_bar
      sha256: "045b13a465434a3772c1b7b4137cced9c6fc322622ed4451410db29b35dbed49"
      url: "https://pub.dev"
    source: hosted
    version: "2.5.0"
  animations:
    dependency: "direct main"
    description:
      name: animations
      sha256: "1344704523bf3dfdfc2c9816ab58e61542fc1d3e0120e0b7b39f47b98b3b287c"
      url: "https://pub.dev"
    source: hosted
    version: "1.1.2"
  anitex:
    dependency: "direct main"
    description:
      name: anitex
      sha256: a5995ece83637ca083aa5b8b18750c9b9500f24003991178060e311912200631
      url: "https://pub.dev"
    source: hosted
    version: "1.1.0"
  archive:
    dependency: transitive
    description:
      name: archive
      sha256: "0c8368c9b3f0abbc193b9d6133649a614204b528982bebc7026372d61677ce3a"
      url: "https://pub.dev"
    source: hosted
    version: "3.3.7"
  async:
    dependency: transitive
    description:
      name: async
      sha256: bfe67ef28df125b7dddcea62755991f807aa39a2492a23e1550161692950bbe0
      url: "https://pub.dev"
    source: hosted
    version: "2.10.0"
  battery:
    dependency: "direct main"
    description:
      name: battery
      sha256: "9f03bdba5554642e3336a0a6dd0cfbe1ebcca63b40068b2dca4ffd02cb99093b"
      url: "https://pub.dev"
    source: hosted
    version: "1.0.11"
  battery_platform_interface:
    dependency: transitive
    description:
      name: battery_platform_interface
      sha256: "7fa89384b9bede23253c946f726df1b21526cb95ba6f6370ba44dca40021d284"
      url: "https://pub.dev"
    source: hosted
    version: "1.0.0"
  boolean_selector:
    dependency: transitive
    description:
      name: boolean_selector
      sha256: "6cfb5af12253eaf2b368f07bacc5a80d1301a071c73360d746b7f2e32d762c66"
      url: "https://pub.dev"
    source: hosted
    version: "2.1.1"
  characters:
    dependency: transitive
    description:
      name: characters
      sha256: e6a326c8af69605aec75ed6c187d06b349707a27fbff8222ca9cc2cff167975c
      url: "https://pub.dev"
    source: hosted
    version: "1.2.1"
  charcode:
    dependency: transitive
    description:
      name: charcode
      sha256: fb98c0f6d12c920a02ee2d998da788bca066ca5f148492b7085ee23372b12306
      url: "https://pub.dev"
    source: hosted
    version: "1.3.1"
  clock:
    dependency: transitive
    description:
      name: clock
      sha256: cb6d7f03e1de671e34607e909a7213e31d7752be4fb66a86d29fe1eb14bfb5cf
      url: "https://pub.dev"
    source: hosted
    version: "1.1.1"
  cloud_firestore:
    dependency: "direct main"
    description:
      name: cloud_firestore
      sha256: "63df0b34b0ac63f2bdf17bd23d17f145cda2a93af56564ccc80f631d7b917fbc"
      url: "https://pub.dev"
    source: hosted
    version: "0.14.4"
  cloud_firestore_platform_interface:
    dependency: transitive
    description:
      name: cloud_firestore_platform_interface
      sha256: "1efba0ea6d677e4e7d03b90f5ab6ea76b2b4d87048a06ef84edfbf6105abb8d3"
      url: "https://pub.dev"
    source: hosted
    version: "2.2.1"
  cloud_firestore_web:
    dependency: transitive
    description:
      name: cloud_firestore_web
      sha256: f96079ebc744099e362b45511890c6fabeadaed04f1a068cb36048c1c37dbe71
      url: "https://pub.dev"
    source: hosted
    version: "0.2.1+2"
  collection:
    dependency: transitive
    description:
      name: collection
      sha256: cfc915e6923fe5ce6e153b0723c753045de46de1b4d63771530504004a45fae0
      url: "https://pub.dev"
    source: hosted
    version: "1.17.0"
  convert:
    dependency: transitive
    description:
      name: convert
      sha256: "0f08b14755d163f6e2134cb58222dd25ea2a2ee8a195e53983d57c075324d592"
      url: "https://pub.dev"
    source: hosted
    version: "3.1.1"
  crypto:
    dependency: transitive
    description:
      name: crypto
      sha256: aa274aa7774f8964e4f4f38cc994db7b6158dd36e9187aaceaddc994b35c6c67
      url: "https://pub.dev"
    source: hosted
    version: "3.0.2"
  cupertino_icons:
    dependency: "direct main"
    description:
      name: cupertino_icons
      sha256: e35129dc44c9118cee2a5603506d823bab99c68393879edb440e0090d07586be
      url: "https://pub.dev"
    source: hosted
    version: "1.0.5"
  data_connection_checker:
    dependency: "direct main"
    description:
      name: data_connection_checker
      sha256: "1c8e544acf5ff88785967978b9ebb9f87a57eb1d19a6933b4f3a6f85dbb65163"
      url: "https://pub.dev"
    source: hosted
    version: "0.3.4"
  device_info:
    dependency: "direct main"
    description:
      name: device_info
      sha256: "67603df19f9f995f3d63165df3e205aed828feae81f6e1a03e3eaaa2fac66c75"
      url: "https://pub.dev"
    source: hosted
    version: "1.0.0"
  device_info_platform_interface:
    dependency: transitive
    description:
      name: device_info_platform_interface
      sha256: "7883640cf639d7e27506e218af9985f50836254d394fdf839bdef632c15c03dc"
      url: "https://pub.dev"
    source: hosted
    version: "1.0.1"
  easy_permission_validator:
    dependency: "direct main"
    description:
      name: easy_permission_validator
      sha256: "16a4c3a824ae98089f29bb2618fe56e3637205682329ebcecae2e4766467678b"
      url: "https://pub.dev"
    source: hosted
    version: "1.0.8"
  esys_flutter_share:
    dependency: "direct main"
    description:
      name: esys_flutter_share
      sha256: "850c2ff9478137da8151bd1e81e70e999eb3079d1dbe4a704ceae06fe2892d2e"
      url: "https://pub.dev"
    source: hosted
    version: "1.0.2"
  fab_circular_menu:
    dependency: "direct main"
    description:
      name: fab_circular_menu
      sha256: "8fac671b1a37b21bf20ae60bd8cc76eff314b8c7618134e5d549f84d91bd3d46"
      url: "https://pub.dev"
    source: hosted
    version: "1.0.2"
  fake_async:
    dependency: transitive
    description:
      name: fake_async
      sha256: "511392330127add0b769b75a987850d136345d9227c6b94c96a04cf4a391bf78"
      url: "https://pub.dev"
    source: hosted
    version: "1.3.1"
  ffi:
    dependency: transitive
    description:
      name: ffi
      sha256: "13a6ccf6a459a125b3fcdb6ec73bd5ff90822e071207c663bfd1f70062d51d18"
      url: "https://pub.dev"
    source: hosted
    version: "1.2.1"
  file:
    dependency: transitive
    description:
      name: file
      sha256: "1b92bec4fc2a72f59a8e15af5f52cd441e4a7860b49499d69dfa817af20e925d"
      url: "https://pub.dev"
    source: hosted
    version: "6.1.4"
  firebase_core:
    dependency: "direct main"
    description:
      name: firebase_core
      sha256: bdba9a7ed4a2693498e76bf05facb186d944dd6691ebb6d2efa1d63d04a50318
      url: "https://pub.dev"
    source: hosted
    version: "0.5.3"
  firebase_core_platform_interface:
    dependency: transitive
    description:
      name: firebase_core_platform_interface
      sha256: bd0e7855c1c127d0f4e4767c3fd9d770c0ba4598e0cf10f2df2c1ffe5fb2c318
      url: "https://pub.dev"
    source: hosted
    version: "2.1.0"
  firebase_core_web:
    dependency: transitive
    description:
      name: firebase_core_web
      sha256: "0e45dac298d84373d82d9d302363842b2a46cbc859a23ae19cdce1d40162dde7"
      url: "https://pub.dev"
    source: hosted
    version: "0.2.1+1"
  firebase_messaging:
    dependency: "direct main"
    description:
      name: firebase_messaging
      sha256: b2413f3dbee4d9105edbdb7dc184f3bd86b352a89020ab9b3dbdec42455c68e2
      url: "https://pub.dev"
    source: hosted
    version: "7.0.3"
  flutter:
    dependency: "direct main"
    description: flutter
    source: sdk
    version: "0.0.0"
  flutter_animated_dialog:
    dependency: "direct main"
    description:
      name: flutter_animated_dialog
      sha256: "17d059f685d81a9f8c94bbdd11ad106dfa1cd38598970197a3753e87809d3ab2"
      url: "https://pub.dev"
    source: hosted
    version: "1.2.0"
  flutter_cache_manager:
    dependency: "direct main"
    description:
      name: flutter_cache_manager
      sha256: "661615cbef6fd908034b474e12abaca0ce5db5010f93eee68c0232669b1f02bd"
      url: "https://pub.dev"
    source: hosted
    version: "2.1.2"
  flutter_cmoon_icons:
    dependency: "direct main"
    description:
      name: flutter_cmoon_icons
      sha256: d68bb5cdf3568f42a28251874217c8f002d7f81a316511c4f31e618a74c9a191
      url: "https://pub.dev"
    source: hosted
    version: "0.1.0"
  flutter_local_notifications:
    dependency: "direct main"
    description:
      name: flutter_local_notifications
      sha256: "27854d92d880ac46e771a79c3998da7532003ebbbc2c02efc15cd36cb91de971"
      url: "https://pub.dev"
    source: hosted
    version: "4.0.1+2"
  flutter_local_notifications_platform_interface:
    dependency: transitive
    description:
      name: flutter_local_notifications_platform_interface
      sha256: "0c75bc78c2ec6182ecc667d0d984f438a59e25c11c562167f9031a1957c3e8bb"
      url: "https://pub.dev"
    source: hosted
    version: "2.0.0+1"
  flutter_localizations:
    dependency: "direct main"
    description: flutter
    source: sdk
    version: "0.0.0"
  flutter_spinkit:
    dependency: "direct main"
    description:
      name: flutter_spinkit
      sha256: "399fd2a76d47454f4a2bfcee07095ba21160469ba2b2959b4d1c1041a8f594c9"
      url: "https://pub.dev"
    source: hosted
    version: "4.1.2+1"
  flutter_staggered_animations:
    dependency: "direct main"
    description:
      name: flutter_staggered_animations
      sha256: d16bfdc44e96b74d425a3232619e09f0fe4d19f1579b52c40af5c306fc740f8b
      url: "https://pub.dev"
    source: hosted
    version: "0.1.3"
  flutter_test:
    dependency: "direct dev"
    description: flutter
    source: sdk
    version: "0.0.0"
  flutter_web_plugins:
    dependency: transitive
    description: flutter
    source: sdk
    version: "0.0.0"
  fluttertoast:
    dependency: "direct main"
    description:
      name: fluttertoast
      sha256: ebe4f5b7630eb3c20cf9178937d572df519b204f3331e1f06e91d66a838c441d
      url: "https://pub.dev"
    source: hosted
    version: "7.1.8"
  http:
    dependency: "direct main"
    description:
      name: http
      sha256: "411262398b34f52b9baac4860a1aa6e4779037ba9289c19b4cd16928efa97a2b"
      url: "https://pub.dev"
    source: hosted
    version: "0.12.2"
  http_parser:
    dependency: transitive
    description:
      name: http_parser
      sha256: "9d2b0626e9e402fc98e6868360da8f256064d6c0b8e4c3edcca5e02fb0b95da9"
      url: "https://pub.dev"
    source: hosted
    version: "3.1.4"
  image:
    dependency: transitive
    description:
      name: image
      sha256: "8e9d133755c3e84c73288363e6343157c383a0c6c56fc51afcc5d4d7180306d6"
      url: "https://pub.dev"
    source: hosted
    version: "3.3.0"
  image_downloader:
    dependency: "direct main"
    description:
      name: image_downloader
      sha256: "6ac0b7f6314185b84cd15dda268f4497cd7171230ca7af757e2fc405cb1baec2"
      url: "https://pub.dev"
    source: hosted
    version: "0.20.1"
  intl:
    dependency: transitive
    description:
      name: intl
      sha256: "910f85bce16fb5c6f614e117efa303e85a1731bb0081edf3604a2ae6e9a3cc91"
      url: "https://pub.dev"
    source: hosted
    version: "0.17.0"
  intro_views_flutter:
    dependency: "direct main"
    description:
      name: intro_views_flutter
      sha256: "57e4dbe61f6ddbaf20cacdc89710cc0c45bf970b8bb53ca26f637f71c73c3068"
      url: "https://pub.dev"
    source: hosted
    version: "2.9.0"
  js:
    dependency: transitive
    description:
      name: js
      sha256: "5528c2f391ededb7775ec1daa69e65a2d61276f7552de2b5f7b8d34ee9fd4ab7"
      url: "https://pub.dev"
    source: hosted
    version: "0.6.5"
  liquid_pull_to_refresh:
    dependency: "direct main"
    description:
      name: liquid_pull_to_refresh
      sha256: "8de2ef52275b1746048b77a9b9e711d3014b92c66103006e5d9fad7a9152c8c3"
      url: "https://pub.dev"
    source: hosted
    version: "2.0.0"
  lottie:
    dependency: "direct main"
    description:
      name: lottie
      sha256: "893da7a0022ec2fcaa616f34529a081f617e86cc501105b856e5a3184c58c7c2"
      url: "https://pub.dev"
    source: hosted
    version: "1.4.3"
  matcher:
    dependency: transitive
    description:
      name: matcher
      sha256: "16db949ceee371e9b99d22f88fa3a73c4e59fd0afed0bd25fc336eb76c198b72"
      url: "https://pub.dev"
    source: hosted
    version: "0.12.13"
  material_color_utilities:
    dependency: transitive
    description:
      name: material_color_utilities
      sha256: d92141dc6fe1dad30722f9aa826c7fbc896d021d792f80678280601aff8cf724
      url: "https://pub.dev"
    source: hosted
    version: "0.2.0"
  meta:
    dependency: transitive
    description:
      name: meta
      sha256: "6c268b42ed578a53088d834796959e4a1814b5e9e164f147f580a386e5decf42"
      url: "https://pub.dev"
    source: hosted
    version: "1.8.0"
  nested:
    dependency: transitive
    description:
      name: nested
      sha256: "03bac4c528c64c95c722ec99280375a6f2fc708eec17c7b3f07253b626cd2a20"
      url: "https://pub.dev"
    source: hosted
    version: "1.0.0"
  path:
    dependency: transitive
    description:
      name: path
      sha256: db9d4f58c908a4ba5953fcee2ae317c94889433e5024c27ce74a37f94267945b
      url: "https://pub.dev"
    source: hosted
    version: "1.8.2"
  path_provider:
    dependency: "direct main"
    description:
      name: path_provider
      sha256: "90ea926097957ffbcb5381fdd7de76f6d5326fcd4689f07d8d4ee42b4040fa85"
      url: "https://pub.dev"
    source: hosted
    version: "1.6.28"
  path_provider_linux:
    dependency: transitive
    description:
      name: path_provider_linux
      sha256: "739b008776d4377ef8945db2d6f42d17ad7a280f0d0cdf961de26a69ea3964e5"
      url: "https://pub.dev"
    source: hosted
    version: "0.0.1+2"
  path_provider_macos:
    dependency: transitive
    description:
      name: path_provider_macos
      sha256: "4dd2f608f51cb62c1e76c4434c89cc98c010345d315e79d8cb4f41ebcac3c119"
      url: "https://pub.dev"
    source: hosted
    version: "0.0.4+8"
  path_provider_platform_interface:
    dependency: transitive
    description:
      name: path_provider_platform_interface
      sha256: e06b2d369e0eb863cf0c4876d0fb6943846876f7e51b2752059a5c6b05bf5354
      url: "https://pub.dev"
    source: hosted
    version: "1.0.4"
  path_provider_windows:
    dependency: transitive
    description:
      name: path_provider_windows
      sha256: "16dfc776bde4b7952901316ca518780dbd3758777152eb9632958008e0338d54"
      url: "https://pub.dev"
    source: hosted
    version: "0.0.5"
  pedantic:
    dependency: transitive
    description:
      name: pedantic
      sha256: "67fc27ed9639506c856c840ccce7594d0bdcd91bc8d53d6e52359449a1d50602"
      url: "https://pub.dev"
    source: hosted
    version: "1.11.1"
  permission_handler:
    dependency: transitive
    description:
      name: permission_handler
      sha256: "01bf998e8a012a0e112cbac4de2b950d641efda4179db1135835fe8c35f1e461"
      url: "https://pub.dev"
    source: hosted
    version: "4.4.0+hotfix.4"
  permission_handler_platform_interface:
    dependency: transitive
    description:
      name: permission_handler_platform_interface
      sha256: "3475a0dc1d46c68618624bb95bce6f001140349f5555d1b6b9d63793fdc58fbf"
      url: "https://pub.dev"
    source: hosted
    version: "1.0.0"
  petitparser:
    dependency: transitive
    description:
      name: petitparser
      sha256: "49392a45ced973e8d94a85fdb21293fbb40ba805fc49f2965101ae748a3683b4"
      url: "https://pub.dev"
    source: hosted
    version: "5.1.0"
  platform:
    dependency: transitive
    description:
      name: platform
      sha256: "4a451831508d7d6ca779f7ac6e212b4023dd5a7d08a27a63da33756410e32b76"
      url: "https://pub.dev"
    source: hosted
    version: "3.1.0"
  plugin_platform_interface:
    dependency: transitive
    description:
      name: plugin_platform_interface
      sha256: c3ebbff365bfb1b5f7b690c9857d2dabea167f35b05eb7586186499b407efb37
      url: "https://pub.dev"
    source: hosted
    version: "1.0.3"
  pointycastle:
    dependency: transitive
    description:
      name: pointycastle
      sha256: c3120a968135aead39699267f4c74bc9a08e4e909e86bc1b0af5bfd78691123c
      url: "https://pub.dev"
    source: hosted
    version: "3.7.2"
  preload_page_view:
    dependency: "direct main"
    description:
      name: preload_page_view
      sha256: "698e4d6eb1fa3489768c9d2d8c8322ed686015af633d04cc537c57e38566834a"
      url: "https://pub.dev"
    source: hosted
    version: "0.1.6"
  process:
    dependency: transitive
    description:
      name: process
      sha256: "53fd8db9cec1d37b0574e12f07520d582019cb6c44abf5479a01505099a34a09"
      url: "https://pub.dev"
    source: hosted
    version: "4.2.4"
  provider:
    dependency: "direct main"
    description:
      name: provider
      sha256: af58e866ea76fa7d156ea5e6ffa1c28b52dabff5c87fbdf265f7c6adaa7a741d
      url: "https://pub.dev"
    source: hosted
    version: "4.3.3"
  quiver:
    dependency: transitive
    description:
      name: quiver
      sha256: e83f7ad1e6375da1400b54eea8793bba804d1731d68c5694490bf9296cd3ca24
      url: "https://pub.dev"
    source: hosted
    version: "2.1.5"
  rxdart:
    dependency: transitive
    description:
      name: rxdart
      sha256: c7cd7ceed33a8fdf7333f29058af577ae71be670132a70b013084b30e0d9e3c3
      url: "https://pub.dev"
    source: hosted
    version: "0.25.0"
  sa_v1_migration:
    dependency: transitive
    description:
      name: sa_v1_migration
      sha256: "6577cbb7d8842347360a7c805ebee91b3248d5887d20f883bbedff5047cddc10"
      url: "https://pub.dev"
    source: hosted
    version: "1.1.2"
  salomon_bottom_bar:
    dependency: "direct main"
    description:
      name: salomon_bottom_bar
      sha256: "19322b9cc2a88fe1f32f60a271d82dce40e5ce38fa6c3cbdca567792a47ad6f0"
      url: "https://pub.dev"
    source: hosted
    version: "2.0.1"
  shared_preferences:
    dependency: "direct main"
    description:
      name: shared_preferences
      sha256: "37933bcbf85712b429f5c09c922eda205946367f8f0e005e2d4c5973c6254a38"
      url: "https://pub.dev"
    source: hosted
    version: "0.5.12+4"
  shared_preferences_linux:
    dependency: transitive
    description:
      name: shared_preferences_linux
      sha256: "36c465d8a7af4a8cddd39efec282f6e52988ccad6bdc96571e53ed6a5b0d7f95"
      url: "https://pub.dev"
    source: hosted
    version: "0.0.2+4"
  shared_preferences_macos:
    dependency: transitive
    description:
      name: shared_preferences_macos
      sha256: "1e66de5365055e1c7a47ea10d77bcc96330041f168bbbdf7a2bfdd4381667901"
      url: "https://pub.dev"
    source: hosted
    version: "0.0.1+11"
  shared_preferences_platform_interface:
    dependency: transitive
    description:
      name: shared_preferences_platform_interface
      sha256: "10958ff09d5b0caaf199fdc436b3433cb9f7491e5f71e4b3d98b451edfee34f4"
      url: "https://pub.dev"
    source: hosted
    version: "1.0.4"
  shared_preferences_web:
    dependency: transitive
    description:
      name: shared_preferences_web
      sha256: "345b8f659aa4aedaabc3665a63f563c62b08dc209dd23304bc155d69ebcd388d"
      url: "https://pub.dev"
    source: hosted
    version: "0.1.2+7"
  shared_preferences_windows:
    dependency: transitive
    description:
      name: shared_preferences_windows
      sha256: d6a5ce5dd784ed5b8e831dfb844a929c313cc81ba942989f361afeda075725fa
      url: "https://pub.dev"
    source: hosted
    version: "0.0.2+3"
  simple_animations:
    dependency: "direct main"
    description:
      name: simple_animations
      sha256: "2d4a7b4376e717cdc462dbcdcbe7bad8c66d0c983dba6b5a5b3a1202ff8103a9"
      url: "https://pub.dev"
    source: hosted
    version: "2.5.1"
  sky_engine:
    dependency: transitive
    description: flutter
    source: sdk
    version: "0.0.99"
  source_span:
    dependency: transitive
    description:
      name: source_span
      sha256: dd904f795d4b4f3b870833847c461801f6750a9fa8e61ea5ac53f9422b31f250
      url: "https://pub.dev"
    source: hosted
    version: "1.9.1"
  sqflite:
    dependency: "direct main"
    description:
      name: sqflite
      sha256: "00f32a183fd9410b7d221a5106fec2cfc34b72d15ce694ee4da9c12e235cc2a4"
      url: "https://pub.dev"
    source: hosted
    version: "1.3.2+4"
  sqflite_common:
    dependency: transitive
    description:
      name: sqflite_common
      sha256: cd2c3caf1cdfd79bbf5787e3a95983e43d19584784df2e6dd1863673497a791f
      url: "https://pub.dev"
    source: hosted
    version: "1.0.3+3"
  stack_trace:
    dependency: transitive
    description:
      name: stack_trace
      sha256: c3c7d8edb15bee7f0f74debd4b9c5f3c2ea86766fe4178eb2a18eb30a0bdaed5
      url: "https://pub.dev"
    source: hosted
    version: "1.11.0"
  stream_channel:
    dependency: transitive
    description:
      name: stream_channel
      sha256: "83615bee9045c1d322bbbd1ba209b7a749c2cbcdcb3fdd1df8eb488b3279c1c8"
      url: "https://pub.dev"
    source: hosted
    version: "2.1.1"
  string_scanner:
    dependency: transitive
    description:
      name: string_scanner
      sha256: "556692adab6cfa87322a115640c11f13cb77b3f076ddcc5d6ae3c20242bedcde"
      url: "https://pub.dev"
    source: hosted
    version: "1.2.0"
  supercharged:
    dependency: transitive
    description:
      name: supercharged
      sha256: "93fb6b118970b224c47695db0ff00adc7819b475450beacf258971e38ff04aa3"
      url: "https://pub.dev"
    source: hosted
    version: "1.12.0"
  supercharged_dart:
    dependency: transitive
    description:
      name: supercharged_dart
      sha256: fa59186870386d961dfd15ea690839902651f9aa60f3dc2a790f7fe31680bf97
      url: "https://pub.dev"
    source: hosted
    version: "1.4.0"
  synchronized:
    dependency: transitive
    description:
      name: synchronized
      sha256: "294228ee6183405c4053a60e8b47c22956da37c92fd410c89ddf0279c188f735"
      url: "https://pub.dev"
    source: hosted
    version: "2.2.0+2"
  term_glyph:
    dependency: transitive
    description:
      name: term_glyph
      sha256: a29248a84fbb7c79282b40b8c72a1209db169a2e0542bce341da992fe1bc7e84
      url: "https://pub.dev"
    source: hosted
    version: "1.2.1"
  test_api:
    dependency: transitive
    description:
      name: test_api
      sha256: ad540f65f92caa91bf21dfc8ffb8c589d6e4dc0c2267818b4cc2792857706206
      url: "https://pub.dev"
    source: hosted
    version: "0.4.16"
  timezone:
    dependency: transitive
    description:
      name: timezone
      sha256: f0697af725678a8e0c8dfb17ef282a0e26c25304b43ef3512618384da1ca7e4b
      url: "https://pub.dev"
    source: hosted
    version: "0.6.1"
  typed_data:
    dependency: transitive
    description:
      name: typed_data
      sha256: "26f87ade979c47a150c9eaab93ccd2bebe70a27dc0b4b29517f2904f04eb11a5"
      url: "https://pub.dev"
    source: hosted
    version: "1.3.1"
  url_launcher:
    dependency: "direct main"
    description:
      name: url_launcher
      sha256: e1e0c46fcd777c0f0bd7f4541b747c28ad4e925f93344cebf667ef76c695533a
      url: "https://pub.dev"
    source: hosted
    version: "5.7.10"
  url_launcher_linux:
    dependency: transitive
    description:
      name: url_launcher_linux
      sha256: c489023cdd864a19c0be63bb3796bec21ea4bc16bfe09568953f1828e02151c9
      url: "https://pub.dev"
    source: hosted
    version: "0.0.1+4"
  url_launcher_macos:
    dependency: transitive
    description:
      name: url_launcher_macos
      sha256: be04eac5076414469027ce068c360478c3e56e43205bb7efaaa61cbdd3ba890d
      url: "https://pub.dev"
    source: hosted
    version: "0.0.1+9"
  url_launcher_platform_interface:
    dependency: transitive
    description:
      name: url_launcher_platform_interface
      sha256: c6bd00f46e8c348703d0ae691850eb2052be8e1338dc3ae6f72af53b962da157
      url: "https://pub.dev"
    source: hosted
    version: "1.0.9"
  url_launcher_web:
    dependency: transitive
    description:
      name: url_launcher_web
      sha256: eaa6de8ac353681794533edcedd69dd8b39ed987bf2360d172185eff8283dbc2
      url: "https://pub.dev"
    source: hosted
    version: "0.1.5+3"
  url_launcher_windows:
    dependency: transitive
    description:
      name: url_launcher_windows
      sha256: "034479b1dafd8f01de81267d8117eb5ae019e0dddcc23f4b14ed31253a2635d9"
      url: "https://pub.dev"
    source: hosted
    version: "0.0.1+3"
  uuid:
    dependency: transitive
    description:
      name: uuid
      sha256: "648e103079f7c64a36dc7d39369cabb358d377078a051d6ae2ad3aa539519313"
      url: "https://pub.dev"
    source: hosted
    version: "3.0.7"
  vector_math:
    dependency: transitive
    description:
      name: vector_math
      sha256: "80b3257d1492ce4d091729e3a67a60407d227c27241d6927be0130c98e741803"
      url: "https://pub.dev"
    source: hosted
    version: "2.1.4"
  video_player:
    dependency: "direct main"
    description:
      name: video_player
      sha256: "458e154aa80d92b23680e7ae46f3166a32d93fbc712c3e42556a9d6339b487c0"
      url: "https://pub.dev"
    source: hosted
    version: "1.0.1"
  video_player_platform_interface:
    dependency: transitive
    description:
      name: video_player_platform_interface
      sha256: bb4802458d45af51566048bcacd4977e2fbc1539bc6aa683893e8c82d009fa9c
      url: "https://pub.dev"
    source: hosted
    version: "2.2.0"
  video_player_web:
    dependency: transitive
    description:
      name: video_player_web
      sha256: "1b0fb9d61cc7dc4e4a79c1ca9d1903ba97bb1b8571868262184e9190babb1241"
      url: "https://pub.dev"
    source: hosted
    version: "0.1.4+1"
  wallpaper_manager:
    dependency: "direct main"
    description:
      name: wallpaper_manager
      sha256: "26cf63054bed282715a03d15292393069e56b97f5e87021e2a0de8dbbfa8b7d7"
      url: "https://pub.dev"
    source: hosted
    version: "1.0.10"
  win32:
    dependency: transitive
    description:
      name: win32
      sha256: c0e3a4f7be7dae51d8f152230b86627e3397c1ba8c3fa58e63d44a9f3edc9cef
      url: "https://pub.dev"
    source: hosted
    version: "2.6.1"
  xdg_directories:
    dependency: transitive
    description:
      name: xdg_directories
      sha256: "864af550b70b87218770f8d7efd2814c38a3d6cf7103f245cc5413da0df3aee2"
      url: "https://pub.dev"
    source: hosted
    version: "0.1.2"
  xml:
    dependency: transitive
    description:
      name: xml
      sha256: "979ee37d622dec6365e2efa4d906c37470995871fe9ae080d967e192d88286b5"
      url: "https://pub.dev"
    source: hosted
    version: "6.2.2"
sdks:
  dart: ">=2.18.0 <3.0.0"
  flutter: ">=3.3.0"
